
Microsoft Visual Studio Solution File, Format Version 12.00
# Visual Studio Version 17
VisualStudioVersion = 17.6.33815.320
MinimumVisualStudioVersion = 10.0.40219.1
Project("{FAE04EC0-301F-11D3-BF4B-00C04F79EFBC}") = "TaskPerformer", "TaskPerformer\TaskPerformer.csproj", "{7A2B6C9F-65D1-4255-BB24-C5F4347B25E1}"
EndProject
Global
	GlobalSection(SolutionConfigurationPlatforms) = preSolution
		Debug|Any CPU = Debug|Any CPU
		Release|Any CPU = Release|Any CPU
	EndGlobalSection
	GlobalSection(ProjectConfigurationPlatforms) = postSolution
		{7A2B6C9F-65D1-4255-BB24-C5F4347B25E1}.Debug|Any CPU.ActiveCfg = Debug|Any CPU
		{7A2B6C9F-65D1-4255-BB24-C5F4347B25E1}.Debug|Any CPU.Build.0 = Debug|Any CPU
		{7A2B6C9F-65D1-4255-BB24-C5F4347B25E1}.Release|Any CPU.ActiveCfg = Release|Any CPU
		{7A2B6C9F-65D1-4255-BB24-C5F4347B25E1}.Release|Any CPU.Build.0 = Release|Any CPU
	EndGlobalSection
	GlobalSection(SolutionProperties) = preSolution
		HideSolutionNode = FALSE
	EndGlobalSection
	GlobalSection(ExtensibilityGlobals) = postSolution
		SolutionGuid = {F4FE0889-1AA2-44EB-A40C-7B68C546421E}
	EndGlobalSection
EndGlobal
